{
  "name": "last-test",
  "version": "1.0.0",
  "lockfileVersion": 3,
  "requires": true,
  "packages": {
    "": {
      "name": "last-test",
      "version": "1.0.0",
      "license": "ISC",
      "dependencies": {
        "leaflet": "^1.9.4",
        "leaflet.superbar": "^0.1.1"
      }
    },
    "node_modules/leaflet": {
      "version": "1.9.4",
      "resolved": "https://registry.npmjs.org/leaflet/-/leaflet-1.9.4.tgz",
      "integrity": "sha512-nxS1ynzJOmOlHp+iL3FyWqK89GtNL8U8rvlMOsQdTTssxZwCXh8N2NB3GDQOL+YR3XnWyZAxwQixURb+FA74PA=="
    },
    "node_modules/leaflet.superbar": {
      "version": "0.1.1",
      "resolved": "https://registry.npmjs.org/leaflet.superbar/-/leaflet.superbar-0.1.1.tgz",
      "integrity": "sha512-9W3yv6u5vC5XcX+l3ccAr8IKFGVgyOqxmaQpptgfvhqDEtly9mLHCvhEsI+BvD92sdUxtBqj1UCLK0Y1C2Z6cQ==",
      "dependencies": {
        "leaflet": "^1.9.4",
        "leaflet.superbar": "file:"
      },
      "peerDependencies": {
        "leaflet": "^1.9.4"
      }
    },
    "node_modules/leaflet.superbar/node_modules/leaflet.superbar": {
      "resolved": "node_modules/leaflet.superbar",
      "link": true
    }
  }
}
